// !$*UTF8*$!
{
	archiveVersion = 1;
	classes = {
	};
	objectVersion = 46;
	objects = {

/* Begin PBXBuildFile section */
		F08C7CAB1C946A8300A41B7B /* main.m in Sources */ = {isa = PBXBuildFile; fileRef = F08C7CAA1C946A8300A41B7B /* main.m */; };
		F08C7CAE1C946A8300A41B7B /* AppDelegate.m in Sources */ = {isa = PBXBuildFile; fileRef = F08C7CAD1C946A8300A41B7B /* AppDelegate.m */; };
		F08C7CB61C946A8300A41B7B /* Assets.xcassets in Resources */ = {isa = PBXBuildFile; fileRef = F08C7CB51C946A8300A41B7B /* Assets.xcassets */; };
		F08C7CC21C946B0400A41B7B /* SearchViewController.m in Sources */ = {isa = PBXBuildFile; fileRef = F08C7CC11C946B0400A41B7B /* SearchViewController.m */; };
		F08C7CC51C946B2800A41B7B /* SearchDisplayViewController.m in Sources */ = {isa = PBXBuildFile; fileRef = F08C7CC41C946B2800A41B7B /* SearchDisplayViewController.m */; };
		F08C7CC81C946B4F00A41B7B /* UINavigationBar+Additions.m in Sources */ = {isa = PBXBuildFile; fileRef = F08C7CC71C946B4F00A41B7B /* UINavigationBar+Additions.m */; };
/* End PBXBuildFile section */

/* Begin PBXFileReference section */
		F08C7CA61C946A8300A41B7B /* WorkingSearchDisplayController.app */ = {isa = PBXFileReference; explicitFileType = wrapper.application; includeInIndex = 0; path = WorkingSearchDisplayController.app; sourceTree = BUILT_PRODUCTS_DIR; };
		F08C7CAA1C946A8300A41B7B /* main.m */ = {isa = PBXFileReference; lastKnownFileType = sourcecode.c.objc; path = main.m; sourceTree = "<group>"; };
		F08C7CAC1C946A8300A41B7B /* AppDelegate.h */ = {isa = PBXFileReference; lastKnownFileType = sourcecode.c.h; path = AppDelegate.h; sourceTree = "<group>"; };
		F08C7CAD1C946A8300A41B7B /* AppDelegate.m */ = {isa = PBXFileReference; lastKnownFileType = sourcecode.c.objc; path = AppDelegate.m; sourceTree = "<group>"; };
		F08C7CB51C946A8300A41B7B /* Assets.xcassets */ = {isa = PBXFileReference; lastKnownFileType = folder.assetcatalog; path = Assets.xcassets; sourceTree = "<group>"; };
		F08C7CBA1C946A8300A41B7B /* Info.plist */ = {isa = PBXFileReference; lastKnownFileType = text.plist.xml; path = Info.plist; sourceTree = "<group>"; };
		F08C7CC01C946B0400A41B7B /* SearchViewController.h */ = {isa = PBXFileReference; fileEncoding = 4; lastKnownFileType = sourcecode.c.h; path = SearchViewController.h; sourceTree = "<group>"; };
		F08C7CC11C946B0400A41B7B /* SearchViewController.m */ = {isa = PBXFileReference; fileEncoding = 4; lastKnownFileType = sourcecode.c.objc; path = SearchViewController.m; sourceTree = "<group>"; };
		F08C7CC31C946B2800A41B7B /* SearchDisplayViewController.h */ = {isa = PBXFileReference; fileEncoding = 4; lastKnownFileType = sourcecode.c.h; path = SearchDisplayViewController.h; sourceTree = "<group>"; };
		F08C7CC41C946B2800A41B7B /* SearchDisplayViewController.m */ = {isa = PBXFileReference; fileEncoding = 4; lastKnownFileType = sourcecode.c.objc; path = SearchDisplayViewController.m; sourceTree = "<group>"; };
		F08C7CC61C946B4F00A41B7B /* UINavigationBar+Additions.h */ = {isa = PBXFileReference; fileEncoding = 4; lastKnownFileType = sourcecode.c.h; path = "UINavigationBar+Additions.h"; sourceTree = "<group>"; };
		F08C7CC71C946B4F00A41B7B /* UINavigationBar+Additions.m */ = {isa = PBXFileReference; fileEncoding = 4; lastKnownFileType = sourcecode.c.objc; path = "UINavigationBar+Additions.m"; sourceTree = "<group>"; };
/* End PBXFileReference section */

/* Begin PBXFrameworksBuildPhase section */
		F08C7CA31C946A8300A41B7B /* Frameworks */ = {
			isa = PBXFrameworksBuildPhase;
			buildActionMask = 2147483647;
			files = (
			);
			runOnlyForDeploymentPostprocessing = 0;
		};
/* End PBXFrameworksBuildPhase section */

/* Begin PBXGroup section */
		F08C7C9D1C946A8300A41B7B = {
			isa = PBXGroup;
			children = (
				F08C7CA81C946A8300A41B7B /* WorkingSearchDisplayController */,
				F08C7CA71C946A8300A41B7B /* Products */,
			);
			sourceTree = "<group>";
			usesTabs = 1;
		};
		F08C7CA71C946A8300A41B7B /* Products */ = {
			isa = PBXGroup;
			children = (
				F08C7CA61C946A8300A41B7B /* WorkingSearchDisplayController.app */,
			);
			name = Products;
			sourceTree = "<group>";
		};
		F08C7CA81C946A8300A41B7B /* WorkingSearchDisplayController */ = {
			isa = PBXGroup;
			children = (
				F08C7CAC1C946A8300A41B7B /* AppDelegate.h */,
				F08C7CAD1C946A8300A41B7B /* AppDelegate.m */,
				F08C7CC01C946B0400A41B7B /* SearchViewController.h */,
				F08C7CC11C946B0400A41B7B /* SearchViewController.m */,
				F08C7CC31C946B2800A41B7B /* SearchDisplayViewController.h */,
				F08C7CC41C946B2800A41B7B /* SearchDisplayViewController.m */,
				F08C7CC61C946B4F00A41B7B /* UINavigationBar+Additions.h */,
				F08C7CC71C946B4F00A41B7B /* UINavigationBar+Additions.m */,
				F08C7CA91C946A8300A41B7B /* Supporting Files */,
			);
			path = WorkingSearchDisplayController;
			sourceTree = "<group>";
		};
		F08C7CA91C946A8300A41B7B /* Supporting Files */ = {
			isa = PBXGroup;
			children = (
				F08C7CB51C946A8300A41B7B /* Assets.xcassets */,
				F08C7CBA1C946A8300A41B7B /* Info.plist */,
				F08C7CAA1C946A8300A41B7B /* main.m */,
			);
			name = "Supporting Files";
			sourceTree = "<group>";
		};
/* End PBXGroup section */

/* Begin PBXNativeTarget section */
		F08C7CA51C946A8300A41B7B /* WorkingSearchDisplayController */ = {
			isa = PBXNativeTarget;
			buildConfigurationList = F08C7CBD1C946A8300A41B7B /* Build configuration list for PBXNativeTarget "WorkingSearchDisplayController" */;
			buildPhases = (
				F08C7CA21C946A8300A41B7B /* Sources */,
				F08C7CA31C946A8300A41B7B /* Frameworks */,
				F08C7CA41C946A8300A41B7B /* Resources */,
			);
			buildRules = (
			);
			dependencies = (
			);
			name = WorkingSearchDisplayController;
			productName = WorkingSearchDisplayController;
			productReference = F08C7CA61C946A8300A41B7B /* WorkingSearchDisplayController.app */;
			productType = "com.apple.product-type.application";
		};
/* End PBXNativeTarget section */

/* Begin PBXProject section */
		F08C7C9E1C946A8300A41B7B /* Project object */ = {
			isa = PBXProject;
			attributes = {
				LastUpgradeCheck = 0720;
				TargetAttributes = {
					F08C7CA51C946A8300A41B7B = {
						CreatedOnToolsVersion = 7.2.1;
					};
				};
			};
			buildConfigurationList = F08C7CA11C946A8300A41B7B /* Build configuration list for PBXProject "WorkingSearchDisplayController" */;
			compatibilityVersion = "Xcode 3.2";
			developmentRegion = English;
			hasScannedForEncodings = 0;
			knownRegions = (
				en,
				Base,
			);
			mainGroup = F08C7C9D1C946A8300A41B7B;
			productRefGroup = F08C7CA71C946A8300A41B7B /* Products */;
			projectDirPath = "";
			projectRoot = "";
			targets = (
				F08C7CA51C946A8300A41B7B /* WorkingSearchDisplayController */,
			);
		};
/* End PBXProject section */

/* Begin PBXResourcesBuildPhase section */
		F08C7CA41C946A8300A41B7B /* Resources */ = {
			isa = PBXResourcesBuildPhase;
			buildActionMask = 2147483647;
			files = (
				F08C7CB61C946A8300A41B7B /* Assets.xcassets in Resources */,
			);
			runOnlyForDeploymentPostprocessing = 0;
		};
/* End PBXResourcesBuildPhase section */

/* Begin PBXSourcesBuildPhase section */
		F08C7CA21C946A8300A41B7B /* Sources */ = {
			isa = PBXSourcesBuildPhase;
			buildActionMask = 2147483647;
			files = (
				F08C7CAB1C946A8300A41B7B /* main.m in Sources */,
				F08C7CAE1C946A8300A41B7B /* AppDelegate.m in Sources */,
				F08C7CC21C946B0400A41B7B /* SearchViewController.m in Sources */,
				F08C7CC51C946B2800A41B7B /* SearchDisplayViewController.m in Sources */,
				F08C7CC81C946B4F00A41B7B /* UINavigationBar+Additions.m in Sources */,
			);
			runOnlyForDeploymentPostprocessing = 0;
		};
/* End PBXSourcesBuildPhase section */

/* Begin XCBuildConfiguration section */
		F08C7CBB1C946A8300A41B7B /* Debug */ = {
			isa = XCBuildConfiguration;
			buildSettings = {
				ALWAYS_SEARCH_USER_PATHS = NO;
				CLANG_CXX_LANGUAGE_STANDARD = "gnu++0x";
				CLANG_CXX_LIBRARY = "libc++";
				CLANG_ENABLE_MODULES = YES;
				CLANG_ENABLE_OBJC_ARC = YES;
				CLANG_WARN_BOOL_CONVERSION = YES;
				CLANG_WARN_CONSTANT_CONVERSION = YES;
				CLANG_WARN_DIRECT_OBJC_ISA_USAGE = YES_ERROR;
				CLANG_WARN_EMPTY_BODY = YES;
				CLANG_WARN_ENUM_CONVERSION = YES;
				CLANG_WARN_INT_CONVERSION = YES;
				CLANG_WARN_OBJC_ROOT_CLASS = YES_ERROR;
				CLANG_WARN_UNREACHABLE_CODE = YES;
				CLANG_WARN__DUPLICATE_METHOD_MATCH = YES;
				"CODE_SIGN_IDENTITY[sdk=iphoneos*]" = "iPhone Developer";
				COPY_PHASE_STRIP = NO;
				DEBUG_INFORMATION_FORMAT = dwarf;
				ENABLE_STRICT_OBJC_MSGSEND = YES;
				ENABLE_TESTABILITY = YES;
				GCC_C_LANGUAGE_STANDARD = gnu99;
				GCC_DYNAMIC_NO_PIC = NO;
				GCC_NO_COMMON_BLOCKS = YES;
				GCC_OPTIMIZATION_LEVEL = 0;
				GCC_PREPROCESSOR_DEFINITIONS = (
					"DEBUG=1",
					"$(inherited)",
				);
				GCC_WARN_64_TO_32_BIT_CONVERSION = YES;
				GCC_WARN_ABOUT_RETURN_TYPE = YES_ERROR;
				GCC_WARN_UNDECLARED_SELECTOR = YES;
				GCC_WARN_UNINITIALIZED_AUTOS = YES_AGGRESSIVE;
				GCC_WARN_UNUSED_FUNCTION = YES;
				GCC_WARN_UNUSED_VARIABLE = YES;
				IPHONEOS_DEPLOYMENT_TARGET = 7.0;
				MTL_ENABLE_DEBUG_INFO = YES;
				ONLY_ACTIVE_ARCH = YES;
				SDKROOT = iphoneos;
			};
			name = Debug;
		};
		F08C7CBC1C946A8300A41B7B /* Release */ = {
			isa = XCBuildConfiguration;
			buildSettings = {
				ALWAYS_SEARCH_USER_PATHS = NO;
				CLANG_CXX_LANGUAGE_STANDARD = "gnu++0x";
				CLANG_CXX_LIBRARY = "libc++";
				CLANG_ENABLE_MODULES = YES;
				CLANG_ENABLE_OBJC_ARC = YES;
				CLANG_WARN_BOOL_CONVERSION = YES;
				CLANG_WARN_CONSTANT_CONVERSION = YES;
				CLANG_WARN_DIRECT_OBJC_ISA_USAGE = YES_ERROR;
				CLANG_WARN_EMPTY_BODY = YES;
				CLANG_WARN_ENUM_CONVERSION = YES;
				CLANG_WARN_INT_CONVERSION = YES;
				CLANG_WARN_OBJC_ROOT_CLASS = YES_ERROR;
				CLANG_WARN_UNREACHABLE_CODE = YES;
				CLANG_WARN__DUPLICATE_METHOD_MATCH = YES;
				"CODE_SIGN_IDENTITY[sdk=iphoneos*]" = "iPhone Developer";
				COPY_PHASE_STRIP = NO;
				DEBUG_INFORMATION_FORMAT = "dwarf-with-dsym";
				ENABLE_NS_ASSERTIONS = NO;
				ENABLE_STRICT_OBJC_MSGSEND = YES;
				GCC_C_LANGUAGE_STANDARD = gnu99;
				GCC_NO_COMMON_BLOCKS = YES;
				GCC_WARN_64_TO_32_BIT_CONVERSION = YES;
				GCC_WARN_ABOUT_RETURN_TYPE = YES_ERROR;
				GCC_WARN_UNDECLARED_SELECTOR = YES;
				GCC_WARN_UNINITIALIZED_AUTOS = YES_AGGRESSIVE;
				GCC_WARN_UNUSED_FUNCTION = YES;
				GCC_WARN_UNUSED_VARIABLE = YES;
				IPHONEOS_DEPLOYMENT_TARGET = 7.0;
				MTL_ENABLE_DEBUG_INFO = NO;
				SDKROOT = iphoneos;
				VALIDATE_PRODUCT = YES;
			};
			name = Release;
		};
		F08C7CBE1C946A8300A41B7B /* Debug */ = {
			isa = XCBuildConfiguration;
			buildSettings = {
				ASSETCATALOG_COMPILER_APPICON_NAME = AppIcon;
				ASSETCATALOG_COMPILER_LAUNCHIMAGE_NAME = LaunchImage;
				INFOPLIST_FILE = WorkingSearchDisplayController/Info.plist;
				LD_RUNPATH_SEARCH_PATHS = "$(inherited) @executable_path/Frameworks";
				PRODUCT_BUNDLE_IDENTIFIER = com.example.WorkingSearchDisplayController;
				PRODUCT_NAME = "$(TARGET_NAME)";
			};
			name = Debug;
		};
		F08C7CBF1C946A8300A41B7B /* Release */ = {
			isa = XCBuildConfiguration;
			buildSettings = {
				ASSETCATALOG_COMPILER_APPICON_NAME = AppIcon;
				ASSETCATALOG_COMPILER_LAUNCHIMAGE_NAME = LaunchImage;
				INFOPLIST_FILE = WorkingSearchDisplayController/Info.plist;
				LD_RUNPATH_SEARCH_PATHS = "$(inherited) @executable_path/Frameworks";
				PRODUCT_BUNDLE_IDENTIFIER = com.example.WorkingSearchDisplayController;
				PRODUCT_NAME = "$(TARGET_NAME)";
			};
			name = Release;
		};
/* End XCBuildConfiguration section */

/* Begin XCConfigurationList section */
		F08C7CA11C946A8300A41B7B /* Build configuration list for PBXProject "WorkingSearchDisplayController" */ = {
			isa = XCConfigurationList;
			buildConfigurations = (
				F08C7CBB1C946A8300A41B7B /* Debug */,
				F08C7CBC1C946A8300A41B7B /* Release */,
			);
			defaultConfigurationIsVisible = 0;
			defaultConfigurationName = Release;
		};
		F08C7CBD1C946A8300A41B7B /* Build configuration list for PBXNativeTarget "WorkingSearchDisplayController" */ = {
			isa = XCConfigurationList;
			buildConfigurations = (
				F08C7CBE1C946A8300A41B7B /* Debug */,
				F08C7CBF1C946A8300A41B7B /* Release */,
			);
			defaultConfigurationIsVisible = 0;
		};
/* End XCConfigurationList section */
	};
	rootObject = F08C7C9E1C946A8300A41B7B /* Project object */;
}
